
Microsoft Visual Studio Solution File, Format Version 12.00
# Visual Studio Version 17
VisualStudioVersion = 17.4.33403.182
MinimumVisualStudioVersion = 10.0.40219.1
Project("{FAE04EC0-301F-11D3-BF4B-00C04F79EFBC}") = "WebEngineering", "WebEngineering.csproj", "{F86BC3FD-1B1F-46F2-AE3B-DE048C00CC40}"
EndProject
Global
	GlobalSection(SolutionConfigurationPlatforms) = preSolution
		Debug|Any CPU = Debug|Any CPU
		Release|Any CPU = Release|Any CPU
	EndGlobalSection
	GlobalSection(ProjectConfigurationPlatforms) = postSolution
		{F86BC3FD-1B1F-46F2-AE3B-DE048C00CC40}.Debug|Any CPU.ActiveCfg = Debug|Any CPU
		{F86BC3FD-1B1F-46F2-AE3B-DE048C00CC40}.Debug|Any CPU.Build.0 = Debug|Any CPU
		{F86BC3FD-1B1F-46F2-AE3B-DE048C00CC40}.Release|Any CPU.ActiveCfg = Release|Any CPU
		{F86BC3FD-1B1F-46F2-AE3B-DE048C00CC40}.Release|Any CPU.Build.0 = Release|Any CPU
	EndGlobalSection
	GlobalSection(SolutionProperties) = preSolution
		HideSolutionNode = FALSE
	EndGlobalSection
	GlobalSection(ExtensibilityGlobals) = postSolution
		SolutionGuid = {7ADFAF73-34F8-438E-853B-74A65ABE9C4D}
	EndGlobalSection
EndGlobal
